schema: '2.0'
stages:
  one:
    cmd: python stage_01.py
    deps:
    - path: stage_01.py
      hash: md5
      md5: 845bf044fdde651591adda56c072c46e
      size: 113
    outs:
    - path: one.txt
      hash: md5
      md5: 2f23c2b1a64d1d89b1539ac6d1099ad5
      size: 26
  two:
    cmd: python stage_02.py
    deps:
    - path: one.txt
      hash: md5
      md5: 2f23c2b1a64d1d89b1539ac6d1099ad5
      size: 26
    - path: stage_02.py
      hash: md5
      md5: 47d68345fb9e978c89b641fd3aabb207
      size: 219
    outs:
    - path: two.txt
      hash: md5
      md5: 7e1d0c50df24c1ae55afd4c9208d2678
      size: 28
  three:
    cmd: python stage_03.py
    deps:
    - path: one.txt
      hash: md5
      md5: 2f23c2b1a64d1d89b1539ac6d1099ad5
      size: 26
    - path: stage_03.py
      hash: md5
      md5: 631244f41de1cc7c1845385da49690af
      size: 364
    - path: two.txt
      hash: md5
      md5: 7e1d0c50df24c1ae55afd4c9208d2678
      size: 28
    outs:
    - path: three.txt
      hash: md5
      md5: 893251a05be78a78e3ebdf8adfdd02a0
      size: 90
